lockfileVersion: '9.0'

settings:
  autoInstallPeers: true
  excludeLinksFromLockfile: false

importers:

  .: {}

  packages/experiment:
    dependencies:
      '@tsgw/javascript':
        specifier: workspace:*
        version: link:../javascript
      '@tsgw/markdown':
        specifier: workspace:*
        version: link:../markdown
      html-entities:
        specifier: ^2.5.2
        version: 2.5.2
      import-meta-resolve:
        specifier: ^4.1.0
        version: 4.1.0
      web-tree-sitter:
        specifier: ^0.22.6
        version: 0.22.6

  packages/javascript: {}

  packages/lua: {}

  packages/markdown: {}

  packages/ruby: {}

  packages/typescript: {}

packages:

  html-entities@2.5.2:
    resolution: {integrity: sha512-K//PSRMQk4FZ78Kyau+mZurHn3FH0Vwr+H36eE0rPbeYkRRi9YxceYPhuN60UwWorxyKHhqoAJl2OFKa4BVtaA==}

  import-meta-resolve@4.1.0:
    resolution: {integrity: sha512-I6fiaX09Xivtk+THaMfAwnA3MVA5Big1WHF1Dfx9hFuvNIWpXnorlkzhcQf6ehrqQiiZECRt1poOAkPmer3ruw==}

  web-tree-sitter@0.22.6:
    resolution: {integrity: sha512-hS87TH71Zd6mGAmYCvlgxeGDjqd9GTeqXNqTT+u0Gs51uIozNIaaq/kUAbV/Zf56jb2ZOyG8BxZs2GG9wbLi6Q==}

snapshots:

  html-entities@2.5.2: {}

  import-meta-resolve@4.1.0: {}

  web-tree-sitter@0.22.6: {}
